
Microsoft Visual Studio Solution File, Format Version 12.00
# Visual Studio Version 17
VisualStudioVersion = 17.1.32421.90
MinimumVisualStudioVersion = 10.0.40219.1
Project("{FAE04EC0-301F-11D3-BF4B-00C04F79EFBC}") = "Labs_OOP6_1", "Labs_OOP6_1\Labs_OOP6_1.csproj", "{45F1A9CD-275D-4727-B0AA-89A30D066112}"
EndProject
Global
	GlobalSection(SolutionConfigurationPlatforms) = preSolution
		Debug|Any CPU = Debug|Any CPU
		Release|Any CPU = Release|Any CPU
	EndGlobalSection
	GlobalSection(ProjectConfigurationPlatforms) = postSolution
		{45F1A9CD-275D-4727-B0AA-89A30D066112}.Debug|Any CPU.ActiveCfg = Debug|Any CPU
		{45F1A9CD-275D-4727-B0AA-89A30D066112}.Debug|Any CPU.Build.0 = Debug|Any CPU
		{45F1A9CD-275D-4727-B0AA-89A30D066112}.Release|Any CPU.ActiveCfg = Release|Any CPU
		{45F1A9CD-275D-4727-B0AA-89A30D066112}.Release|Any CPU.Build.0 = Release|Any CPU
	EndGlobalSection
	GlobalSection(SolutionProperties) = preSolution
		HideSolutionNode = FALSE
	EndGlobalSection
	GlobalSection(ExtensibilityGlobals) = postSolution
		SolutionGuid = {CAA43B0B-E02F-4248-BAFE-7A023696C835}
	EndGlobalSection
EndGlobal
